<Solution>
  <Folder Name="/src/">
    <Project Path="src/Common.Infrastructure/Common.Infrastructure.csproj" />
    <Project Path="src/Common/Common.csproj" />
    <Project Path="src/Tomouh.API/Tomouh.API.csproj" />
    <Project Path="src/Tomouh.Application/Tomouh.Application.csproj" />
    <Project Path="src/Tomouh.Contracts/Tomouh.Contracts.csproj" Id="4123028a-27f9-46da-ba95-c410d5917a76" />
    <Project Path="src/Tomouh.Domain/Tomouh.Domain.csproj" />
    <Project Path="src/Tomouh.Infrastructure/Tomouh.Infrastructure.csproj" />
  </Folder>
  <Folder Name="/tests/">
    <Project Path="tests/Tomouh.Application.UnitTests/Tomouh.Application.UnitTests.csproj" />
    <Project Path="tests/Tomouh.Domain.UnitTests/Tomouh.Domain.UnitTests.csproj" />
  </Folder>
</Solution>
