<Solution>
  <Folder Name="/src/">
    <Project Path="src/Tomouh.API/Tomouh.API.csproj" />
    <Project Path="src/Tomouh.Application/Tomouh.Application.csproj" />
    <Project Path="src/Tomouh.Domain/Tomouh.Domain.csproj" />
    <Project Path="src/Tomouh.Infrastructure/Tomouh.Infrastructure.csproj" />
  </Folder>
  <Folder Name="/tests/">
    <Project Path="tests/Tomouh.Application.UnitTests/Tomouh.Application.UnitTests.csproj" />
    <Project Path="tests/Tomouh.Domain.UnitTests/Tomouh.Domain.UnitTests.csproj" />
    <Project Path="tests/Tomouh.Infrastructure.UnitTests/Tomouh.Infrastructure.UnitTests.csproj" />
  </Folder>
</Solution>
